// !$*UTF8*$!
{
	archiveVersion = 1;
	classes = {
	};
	objectVersion = 56;
	objects = {

/* Begin PBXBuildFile section */
		2462B9422BA8045B005B2082 /* HomeModel.swift in Sources */ = {isa = PBXBuildFile; fileRef = 2462B9412BA8045B005B2082 /* HomeModel.swift */; };
		2468152A2BA2CB1A00EBE76D /* MacOSApplicationApp.swift in Sources */ = {isa = PBXBuildFile; fileRef = 246815292BA2CB1A00EBE76D /* MacOSApplicationApp.swift */; };
		2468152C2BA2CB1A00EBE76D /* ContentView.swift in Sources */ = {isa = PBXBuildFile; fileRef = 2468152B2BA2CB1A00EBE76D /* ContentView.swift */; };
		2468152E2BA2CB1A00EBE76D /* Item.swift in Sources */ = {isa = PBXBuildFile; fileRef = 2468152D2BA2CB1A00EBE76D /* Item.swift */; };
		246815302BA2CB1B00EBE76D /* Assets.xcassets in Resources */ = {isa = PBXBuildFile; fileRef = 2468152F2BA2CB1B00EBE76D /* Assets.xcassets */; };
		246815332BA2CB1B00EBE76D /* Preview Assets.xcassets in Resources */ = {isa = PBXBuildFile; fileRef = 246815322BA2CB1B00EBE76D /* Preview Assets.xcassets */; };
		2468153B2BA2D37100EBE76D /* HomeView.swift in Sources */ = {isa = PBXBuildFile; fileRef = 2468153A2BA2D37100EBE76D /* HomeView.swift */; };
		2468153D2BA2D99A00EBE76D /* Color.xcassets in Resources */ = {isa = PBXBuildFile; fileRef = 2468153C2BA2D99A00EBE76D /* Color.xcassets */; };
		2468153F2BA2F05D00EBE76D /* HomeViewModel.swift in Sources */ = {isa = PBXBuildFile; fileRef = 2468153E2BA2F05D00EBE76D /* HomeViewModel.swift */; };
/* End PBXBuildFile section */

/* Begin PBXFileReference section */
		2462B9412BA8045B005B2082 /* HomeModel.swift */ = {isa = PBXFileReference; lastKnownFileType = sourcecode.swift; path = HomeModel.swift; sourceTree = "<group>"; };
		246815262BA2CB1A00EBE76D /* MacOSApplication.app */ = {isa = PBXFileReference; explicitFileType = wrapper.application; includeInIndex = 0; path = MacOSApplication.app; sourceTree = BUILT_PRODUCTS_DIR; };
		246815292BA2CB1A00EBE76D /* MacOSApplicationApp.swift */ = {isa = PBXFileReference; lastKnownFileType = sourcecode.swift; path = MacOSApplicationApp.swift; sourceTree = "<group>"; };
		2468152B2BA2CB1A00EBE76D /* ContentView.swift */ = {isa = PBXFileReference; lastKnownFileType = sourcecode.swift; path = ContentView.swift; sourceTree = "<group>"; };
		2468152D2BA2CB1A00EBE76D /* Item.swift */ = {isa = PBXFileReference; lastKnownFileType = sourcecode.swift; path = Item.swift; sourceTree = "<group>"; };
		2468152F2BA2CB1B00EBE76D /* Assets.xcassets */ = {isa = PBXFileReference; lastKnownFileType = folder.assetcatalog; path = Assets.xcassets; sourceTree = "<group>"; };
		246815322BA2CB1B00EBE76D /* Preview Assets.xcassets */ = {isa = PBXFileReference; lastKnownFileType = folder.assetcatalog; path = "Preview Assets.xcassets"; sourceTree = "<group>"; };
		246815342BA2CB1B00EBE76D /* MacOSApplication.entitlements */ = {isa = PBXFileReference; lastKnownFileType = text.plist.entitlements; path = MacOSApplication.entitlements; sourceTree = "<group>"; };
		2468153A2BA2D37100EBE76D /* HomeView.swift */ = {isa = PBXFileReference; lastKnownFileType = sourcecode.swift; path = HomeView.swift; sourceTree = "<group>"; };
		2468153C2BA2D99A00EBE76D /* Color.xcassets */ = {isa = PBXFileReference; lastKnownFileType = folder.assetcatalog; path = Color.xcassets; sourceTree = "<group>"; };
		2468153E2BA2F05D00EBE76D /* HomeViewModel.swift */ = {isa = PBXFileReference; lastKnownFileType = sourcecode.swift; path = HomeViewModel.swift; sourceTree = "<group>"; };
/* End PBXFileReference section */

/* Begin PBXFrameworksBuildPhase section */
		246815232BA2CB1A00EBE76D /* Frameworks */ = {
			isa = PBXFrameworksBuildPhase;
			buildActionMask = 2147483647;
			files = (
			);
			runOnlyForDeploymentPostprocessing = 0;
		};
/* End PBXFrameworksBuildPhase section */

/* Begin PBXGroup section */
		2468151D2BA2CB1A00EBE76D = {
			isa = PBXGroup;
			children = (
				246815282BA2CB1A00EBE76D /* MacOSApplication */,
				246815272BA2CB1A00EBE76D /* Products */,
			);
			sourceTree = "<group>";
		};
		246815272BA2CB1A00EBE76D /* Products */ = {
			isa = PBXGroup;
			children = (
				246815262BA2CB1A00EBE76D /* MacOSApplication.app */,
			);
			name = Products;
			sourceTree = "<group>";
		};
		246815282BA2CB1A00EBE76D /* MacOSApplication */ = {
			isa = PBXGroup;
			children = (
				246815292BA2CB1A00EBE76D /* MacOSApplicationApp.swift */,
				2468152B2BA2CB1A00EBE76D /* ContentView.swift */,
				2468153A2BA2D37100EBE76D /* HomeView.swift */,
				2468153E2BA2F05D00EBE76D /* HomeViewModel.swift */,
				2462B9412BA8045B005B2082 /* HomeModel.swift */,
				2468152D2BA2CB1A00EBE76D /* Item.swift */,
				2468152F2BA2CB1B00EBE76D /* Assets.xcassets */,
				2468153C2BA2D99A00EBE76D /* Color.xcassets */,
				246815342BA2CB1B00EBE76D /* MacOSApplication.entitlements */,
				246815312BA2CB1B00EBE76D /* Preview Content */,
			);
			path = MacOSApplication;
			sourceTree = "<group>";
		};
		246815312BA2CB1B00EBE76D /* Preview Content */ = {
			isa = PBXGroup;
			children = (
				246815322BA2CB1B00EBE76D /* Preview Assets.xcassets */,
			);
			path = "Preview Content";
			sourceTree = "<group>";
		};
/* End PBXGroup section */

/* Begin PBXNativeTarget section */
		246815252BA2CB1A00EBE76D /* MacOSApplication */ = {
			isa = PBXNativeTarget;
			buildConfigurationList = 246815372BA2CB1B00EBE76D /* Build configuration list for PBXNativeTarget "MacOSApplication" */;
			buildPhases = (
				246815222BA2CB1A00EBE76D /* Sources */,
				246815232BA2CB1A00EBE76D /* Frameworks */,
				246815242BA2CB1A00EBE76D /* Resources */,
			);
			buildRules = (
			);
			dependencies = (
			);
			name = MacOSApplication;
			productName = MacOSApplication;
			productReference = 246815262BA2CB1A00EBE76D /* MacOSApplication.app */;
			productType = "com.apple.product-type.application";
		};
/* End PBXNativeTarget section */

/* Begin PBXProject section */
		2468151E2BA2CB1A00EBE76D /* Project object */ = {
			isa = PBXProject;
			attributes = {
				BuildIndependentTargetsInParallel = 1;
				LastSwiftUpdateCheck = 1530;
				LastUpgradeCheck = 1530;
				TargetAttributes = {
					246815252BA2CB1A00EBE76D = {
						CreatedOnToolsVersion = 15.3;
					};
				};
			};
			buildConfigurationList = 246815212BA2CB1A00EBE76D /* Build configuration list for PBXProject "MacOSApplication" */;
			compatibilityVersion = "Xcode 14.0";
			developmentRegion = en;
			hasScannedForEncodings = 0;
			knownRegions = (
				en,
				Base,
			);
			mainGroup = 2468151D2BA2CB1A00EBE76D;
			productRefGroup = 246815272BA2CB1A00EBE76D /* Products */;
			projectDirPath = "";
			projectRoot = "";
			targets = (
				246815252BA2CB1A00EBE76D /* MacOSApplication */,
			);
		};
/* End PBXProject section */

/* Begin PBXResourcesBuildPhase section */
		246815242BA2CB1A00EBE76D /* Resources */ = {
			isa = PBXResourcesBuildPhase;
			buildActionMask = 2147483647;
			files = (
				246815332BA2CB1B00EBE76D /* Preview Assets.xcassets in Resources */,
				246815302BA2CB1B00EBE76D /* Assets.xcassets in Resources */,
				2468153D2BA2D99A00EBE76D /* Color.xcassets in Resources */,
			);
			runOnlyForDeploymentPostprocessing = 0;
		};
/* End PBXResourcesBuildPhase section */

/* Begin PBXSourcesBuildPhase section */
		246815222BA2CB1A00EBE76D /* Sources */ = {
			isa = PBXSourcesBuildPhase;
			buildActionMask = 2147483647;
			files = (
				2468152C2BA2CB1A00EBE76D /* ContentView.swift in Sources */,
				2468153B2BA2D37100EBE76D /* HomeView.swift in Sources */,
				2462B9422BA8045B005B2082 /* HomeModel.swift in Sources */,
				2468152E2BA2CB1A00EBE76D /* Item.swift in Sources */,
				2468153F2BA2F05D00EBE76D /* HomeViewModel.swift in Sources */,
				2468152A2BA2CB1A00EBE76D /* MacOSApplicationApp.swift in Sources */,
			);
			runOnlyForDeploymentPostprocessing = 0;
		};
/* End PBXSourcesBuildPhase section */

/* Begin XCBuildConfiguration section */
		246815352BA2CB1B00EBE76D /* Debug */ = {
			isa = XCBuildConfiguration;
			buildSettings = {
				ALWAYS_SEARCH_USER_PATHS = NO;
				ASSETCATALOG_COMPILER_GENERATE_SWIFT_ASSET_SYMBOL_EXTENSIONS = YES;
				CLANG_ANALYZER_NONNULL = YES;
				CLANG_ANALYZER_NUMBER_OBJECT_CONVERSION = YES_AGGRESSIVE;
				CLANG_CXX_LANGUAGE_STANDARD = "gnu++20";
				CLANG_ENABLE_MODULES = YES;
				CLANG_ENABLE_OBJC_ARC = YES;
				CLANG_ENABLE_OBJC_WEAK = YES;
				CLANG_WARN_BLOCK_CAPTURE_AUTORELEASING = YES;
				CLANG_WARN_BOOL_CONVERSION = YES;
				CLANG_WARN_COMMA = YES;
				CLANG_WARN_CONSTANT_CONVERSION = YES;
				CLANG_WARN_DEPRECATED_OBJC_IMPLEMENTATIONS = YES;
				CLANG_WARN_DIRECT_OBJC_ISA_USAGE = YES_ERROR;
				CLANG_WARN_DOCUMENTATION_COMMENTS = YES;
				CLANG_WARN_EMPTY_BODY = YES;
				CLANG_WARN_ENUM_CONVERSION = YES;
				CLANG_WARN_INFINITE_RECURSION = YES;
				CLANG_WARN_INT_CONVERSION = YES;
				CLANG_WARN_NON_LITERAL_NULL_CONVERSION = YES;
				CLANG_WARN_OBJC_IMPLICIT_RETAIN_SELF = YES;
				CLANG_WARN_OBJC_LITERAL_CONVERSION = YES;
				CLANG_WARN_OBJC_ROOT_CLASS = YES_ERROR;
				CLANG_WARN_QUOTED_INCLUDE_IN_FRAMEWORK_HEADER = YES;
				CLANG_WARN_RANGE_LOOP_ANALYSIS = YES;
				CLANG_WARN_STRICT_PROTOTYPES = YES;
				CLANG_WARN_SUSPICIOUS_MOVE = YES;
				CLANG_WARN_UNGUARDED_AVAILABILITY = YES_AGGRESSIVE;
				CLANG_WARN_UNREACHABLE_CODE = YES;
				CLANG_WARN__DUPLICATE_METHOD_MATCH = YES;
				COPY_PHASE_STRIP = NO;
				DEBUG_INFORMATION_FORMAT = dwarf;
				ENABLE_STRICT_OBJC_MSGSEND = YES;
				ENABLE_TESTABILITY = YES;
				ENABLE_USER_SCRIPT_SANDBOXING = YES;
				GCC_C_LANGUAGE_STANDARD = gnu17;
				GCC_DYNAMIC_NO_PIC = NO;
				GCC_NO_COMMON_BLOCKS = YES;
				GCC_OPTIMIZATION_LEVEL = 0;
				GCC_PREPROCESSOR_DEFINITIONS = (
					"DEBUG=1",
					"$(inherited)",
				);
				GCC_WARN_64_TO_32_BIT_CONVERSION = YES;
				GCC_WARN_ABOUT_RETURN_TYPE = YES_ERROR;
				GCC_WARN_UNDECLARED_SELECTOR = YES;
				GCC_WARN_UNINITIALIZED_AUTOS = YES_AGGRESSIVE;
				GCC_WARN_UNUSED_FUNCTION = YES;
				GCC_WARN_UNUSED_VARIABLE = YES;
				LOCALIZATION_PREFERS_STRING_CATALOGS = YES;
				MACOSX_DEPLOYMENT_TARGET = 14.0;
				MTL_ENABLE_DEBUG_INFO = INCLUDE_SOURCE;
				MTL_FAST_MATH = YES;
				ONLY_ACTIVE_ARCH = YES;
				SDKROOT = macosx;
				SWIFT_ACTIVE_COMPILATION_CONDITIONS = "DEBUG $(inherited)";
				SWIFT_OPTIMIZATION_LEVEL = "-Onone";
			};
			name = Debug;
		};
		246815362BA2CB1B00EBE76D /* Release */ = {
			isa = XCBuildConfiguration;
			buildSettings = {
				ALWAYS_SEARCH_USER_PATHS = NO;
				ASSETCATALOG_COMPILER_GENERATE_SWIFT_ASSET_SYMBOL_EXTENSIONS = YES;
				CLANG_ANALYZER_NONNULL = YES;
				CLANG_ANALYZER_NUMBER_OBJECT_CONVERSION = YES_AGGRESSIVE;
				CLANG_CXX_LANGUAGE_STANDARD = "gnu++20";
				CLANG_ENABLE_MODULES = YES;
				CLANG_ENABLE_OBJC_ARC = YES;
				CLANG_ENABLE_OBJC_WEAK = YES;
				CLANG_WARN_BLOCK_CAPTURE_AUTORELEASING = YES;
				CLANG_WARN_BOOL_CONVERSION = YES;
				CLANG_WARN_COMMA = YES;
				CLANG_WARN_CONSTANT_CONVERSION = YES;
				CLANG_WARN_DEPRECATED_OBJC_IMPLEMENTATIONS = YES;
				CLANG_WARN_DIRECT_OBJC_ISA_USAGE = YES_ERROR;
				CLANG_WARN_DOCUMENTATION_COMMENTS = YES;
				CLANG_WARN_EMPTY_BODY = YES;
				CLANG_WARN_ENUM_CONVERSION = YES;
				CLANG_WARN_INFINITE_RECURSION = YES;
				CLANG_WARN_INT_CONVERSION = YES;
				CLANG_WARN_NON_LITERAL_NULL_CONVERSION = YES;
				CLANG_WARN_OBJC_IMPLICIT_RETAIN_SELF = YES;
				CLANG_WARN_OBJC_LITERAL_CONVERSION = YES;
				CLANG_WARN_OBJC_ROOT_CLASS = YES_ERROR;
				CLANG_WARN_QUOTED_INCLUDE_IN_FRAMEWORK_HEADER = YES;
				CLANG_WARN_RANGE_LOOP_ANALYSIS = YES;
				CLANG_WARN_STRICT_PROTOTYPES = YES;
				CLANG_WARN_SUSPICIOUS_MOVE = YES;
				CLANG_WARN_UNGUARDED_AVAILABILITY = YES_AGGRESSIVE;
				CLANG_WARN_UNREACHABLE_CODE = YES;
				CLANG_WARN__DUPLICATE_METHOD_MATCH = YES;
				COPY_PHASE_STRIP = NO;
				DEBUG_INFORMATION_FORMAT = "dwarf-with-dsym";
				ENABLE_NS_ASSERTIONS = NO;
				ENABLE_STRICT_OBJC_MSGSEND = YES;
				ENABLE_USER_SCRIPT_SANDBOXING = YES;
				GCC_C_LANGUAGE_STANDARD = gnu17;
				GCC_NO_COMMON_BLOCKS = YES;
				GCC_WARN_64_TO_32_BIT_CONVERSION = YES;
				GCC_WARN_ABOUT_RETURN_TYPE = YES_ERROR;
				GCC_WARN_UNDECLARED_SELECTOR = YES;
				GCC_WARN_UNINITIALIZED_AUTOS = YES_AGGRESSIVE;
				GCC_WARN_UNUSED_FUNCTION = YES;
				GCC_WARN_UNUSED_VARIABLE = YES;
				LOCALIZATION_PREFERS_STRING_CATALOGS = YES;
				MACOSX_DEPLOYMENT_TARGET = 14.0;
				MTL_ENABLE_DEBUG_INFO = NO;
				MTL_FAST_MATH = YES;
				SDKROOT = macosx;
				SWIFT_COMPILATION_MODE = wholemodule;
			};
			name = Release;
		};
		246815382BA2CB1B00EBE76D /* Debug */ = {
			isa = XCBuildConfiguration;
			buildSettings = {
				ASSETCATALOG_COMPILER_APPICON_NAME = AppIcon;
				ASSETCATALOG_COMPILER_GLOBAL_ACCENT_COLOR_NAME = AccentColor;
				ASSETCATALOG_COMPILER_INCLUDE_ALL_APPICON_ASSETS = NO;
				CODE_SIGN_ENTITLEMENTS = MacOSApplication/MacOSApplication.entitlements;
				CODE_SIGN_STYLE = Manual;
				COMBINE_HIDPI_IMAGES = YES;
				CURRENT_PROJECT_VERSION = 1;
				DEVELOPMENT_ASSET_PATHS = "\"MacOSApplication/Preview Content\"";
				DEVELOPMENT_TEAM = "";
				ENABLE_PREVIEWS = YES;
				GENERATE_INFOPLIST_FILE = YES;
				INFOPLIST_KEY_NSHumanReadableCopyright = "";
				LD_RUNPATH_SEARCH_PATHS = (
					"$(inherited)",
					"@executable_path/../Frameworks",
				);
				MACOSX_DEPLOYMENT_TARGET = 14.0;
				MARKETING_VERSION = 1.0;
				PRODUCT_BUNDLE_IDENTIFIER = Vsple.MacOSApplication;
				PRODUCT_NAME = "$(TARGET_NAME)";
				PROVISIONING_PROFILE_SPECIFIER = "";
				SWIFT_EMIT_LOC_STRINGS = YES;
				SWIFT_VERSION = 5.0;
			};
			name = Debug;
		};
		246815392BA2CB1B00EBE76D /* Release */ = {
			isa = XCBuildConfiguration;
			buildSettings = {
				ASSETCATALOG_COMPILER_APPICON_NAME = AppIcon;
				ASSETCATALOG_COMPILER_GLOBAL_ACCENT_COLOR_NAME = AccentColor;
				ASSETCATALOG_COMPILER_INCLUDE_ALL_APPICON_ASSETS = NO;
				CODE_SIGN_ENTITLEMENTS = MacOSApplication/MacOSApplication.entitlements;
				CODE_SIGN_STYLE = Manual;
				COMBINE_HIDPI_IMAGES = YES;
				CURRENT_PROJECT_VERSION = 1;
				DEVELOPMENT_ASSET_PATHS = "\"MacOSApplication/Preview Content\"";
				DEVELOPMENT_TEAM = "";
				ENABLE_PREVIEWS = YES;
				GENERATE_INFOPLIST_FILE = YES;
				INFOPLIST_KEY_NSHumanReadableCopyright = "";
				LD_RUNPATH_SEARCH_PATHS = (
					"$(inherited)",
					"@executable_path/../Frameworks",
				);
				MACOSX_DEPLOYMENT_TARGET = 14.0;
				MARKETING_VERSION = 1.0;
				PRODUCT_BUNDLE_IDENTIFIER = Vsple.MacOSApplication;
				PRODUCT_NAME = "$(TARGET_NAME)";
				PROVISIONING_PROFILE_SPECIFIER = "";
				SWIFT_EMIT_LOC_STRINGS = YES;
				SWIFT_VERSION = 5.0;
			};
			name = Release;
		};
/* End XCBuildConfiguration section */

/* Begin XCConfigurationList section */
		246815212BA2CB1A00EBE76D /* Build configuration list for PBXProject "MacOSApplication" */ = {
			isa = XCConfigurationList;
			buildConfigurations = (
				246815352BA2CB1B00EBE76D /* Debug */,
				246815362BA2CB1B00EBE76D /* Release */,
			);
			defaultConfigurationIsVisible = 0;
			defaultConfigurationName = Release;
		};
		246815372BA2CB1B00EBE76D /* Build configuration list for PBXNativeTarget "MacOSApplication" */ = {
			isa = XCConfigurationList;
			buildConfigurations = (
				246815382BA2CB1B00EBE76D /* Debug */,
				246815392BA2CB1B00EBE76D /* Release */,
			);
			defaultConfigurationIsVisible = 0;
			defaultConfigurationName = Release;
		};
/* End XCConfigurationList section */
	};
	rootObject = 2468151E2BA2CB1A00EBE76D /* Project object */;
}
